
Microsoft Visual Studio Solution File, Format Version 12.00
# Visual Studio Version 16
VisualStudioVersion = 16.0.30002.166
MinimumVisualStudioVersion = 10.0.40219.1
Project("{FAE04EC0-301F-11D3-BF4B-00C04F79EFBC}") = "EscapeMines.App", "EscapeMines.App.csproj", "{E7CC617D-C774-46D0-9E71-B707830DA335}"
EndProject
Project("{FAE04EC0-301F-11D3-BF4B-00C04F79EFBC}") = "EscapeMines.Models", "..\EscapeMines.Models\EscapeMines.Models.csproj", "{4B23701F-C0AD-4B5D-8B27-0F7524D29613}"
EndProject
Project("{FAE04EC0-301F-11D3-BF4B-00C04F79EFBC}") = "EscapeMines.Services", "..\EscapeMines.Services\EscapeMines.Services.csproj", "{6B383560-3E2E-4389-8D20-36DBAD02D802}"
EndProject
Project("{FAE04EC0-301F-11D3-BF4B-00C04F79EFBC}") = "EscapeMines.Common", "..\EscapeMines.Common\EscapeMines.Common.csproj", "{2112A39C-8480-477E-8D6F-88D7A32F0110}"
EndProject
Project("{FAE04EC0-301F-11D3-BF4B-00C04F79EFBC}") = "EscapeMines.Tests", "..\EscapeMines.Tests\EscapeMines.Tests.csproj", "{EB7CC740-7545-47D6-A63C-38D7ADAF6924}"
EndProject
Global
	GlobalSection(SolutionConfigurationPlatforms) = preSolution
		Debug|Any CPU = Debug|Any CPU
		Release|Any CPU = Release|Any CPU
	EndGlobalSection
	GlobalSection(ProjectConfigurationPlatforms) = postSolution
		{E7CC617D-C774-46D0-9E71-B707830DA335}.Debug|Any CPU.ActiveCfg = Debug|Any CPU
		{E7CC617D-C774-46D0-9E71-B707830DA335}.Debug|Any CPU.Build.0 = Debug|Any CPU
		{E7CC617D-C774-46D0-9E71-B707830DA335}.Release|Any CPU.ActiveCfg = Release|Any CPU
		{E7CC617D-C774-46D0-9E71-B707830DA335}.Release|Any CPU.Build.0 = Release|Any CPU
		{4B23701F-C0AD-4B5D-8B27-0F7524D29613}.Debug|Any CPU.ActiveCfg = Debug|Any CPU
		{4B23701F-C0AD-4B5D-8B27-0F7524D29613}.Debug|Any CPU.Build.0 = Debug|Any CPU
		{4B23701F-C0AD-4B5D-8B27-0F7524D29613}.Release|Any CPU.ActiveCfg = Release|Any CPU
		{4B23701F-C0AD-4B5D-8B27-0F7524D29613}.Release|Any CPU.Build.0 = Release|Any CPU
		{6B383560-3E2E-4389-8D20-36DBAD02D802}.Debug|Any CPU.ActiveCfg = Debug|Any CPU
		{6B383560-3E2E-4389-8D20-36DBAD02D802}.Debug|Any CPU.Build.0 = Debug|Any CPU
		{6B383560-3E2E-4389-8D20-36DBAD02D802}.Release|Any CPU.ActiveCfg = Release|Any CPU
		{6B383560-3E2E-4389-8D20-36DBAD02D802}.Release|Any CPU.Build.0 = Release|Any CPU
		{2112A39C-8480-477E-8D6F-88D7A32F0110}.Debug|Any CPU.ActiveCfg = Debug|Any CPU
		{2112A39C-8480-477E-8D6F-88D7A32F0110}.Debug|Any CPU.Build.0 = Debug|Any CPU
		{2112A39C-8480-477E-8D6F-88D7A32F0110}.Release|Any CPU.ActiveCfg = Release|Any CPU
		{2112A39C-8480-477E-8D6F-88D7A32F0110}.Release|Any CPU.Build.0 = Release|Any CPU
		{EB7CC740-7545-47D6-A63C-38D7ADAF6924}.Debug|Any CPU.ActiveCfg = Debug|Any CPU
		{EB7CC740-7545-47D6-A63C-38D7ADAF6924}.Debug|Any CPU.Build.0 = Debug|Any CPU
		{EB7CC740-7545-47D6-A63C-38D7ADAF6924}.Release|Any CPU.ActiveCfg = Release|Any CPU
		{EB7CC740-7545-47D6-A63C-38D7ADAF6924}.Release|Any CPU.Build.0 = Release|Any CPU
	EndGlobalSection
	GlobalSection(SolutionProperties) = preSolution
		HideSolutionNode = FALSE
	EndGlobalSection
	GlobalSection(ExtensibilityGlobals) = postSolution
		SolutionGuid = {CF7E2BAD-7D05-4F14-9586-D4A9B4ACC322}
	EndGlobalSection
EndGlobal
